// !$*UTF8*$!
{
	archiveVersion = 1;
	classes = {
	};
	objectVersion = 48;
	objects = {

/* Begin PBXBuildFile section */
		5B30F44C1F8188C700DB48EF /* Helper.m in Sources */ = {isa = PBXBuildFile; fileRef = 5B30F4491F8188C700DB48EF /* Helper.m */; };
		5B30F44D1F8188C700DB48EF /* RequestiTunes.m in Sources */ = {isa = PBXBuildFile; fileRef = 5B30F44B1F8188C700DB48EF /* RequestiTunes.m */; };
		5B406C111FA8D76700EEB93E /* ShowEntriesViewController.m in Sources */ = {isa = PBXBuildFile; fileRef = 5B406C101FA8D76700EEB93E /* ShowEntriesViewController.m */; };
		5B408F581FA27FF70097099D /* OutYetDataController.m in Sources */ = {isa = PBXBuildFile; fileRef = 5B408F571FA27FF70097099D /* OutYetDataController.m */; };
		5B408F5B1FA502690097099D /* OutYetDataStack.m in Sources */ = {isa = PBXBuildFile; fileRef = 5B408F5A1FA502690097099D /* OutYetDataStack.m */; };
		5BB869AD1F8975CF0017F1BC /* AddEntryViewController.m in Sources */ = {isa = PBXBuildFile; fileRef = 5BB869AC1F8975CF0017F1BC /* AddEntryViewController.m */; };
		5BD596661F5DAC4F00074CE1 /* AppDelegate.m in Sources */ = {isa = PBXBuildFile; fileRef = 5BD596651F5DAC4F00074CE1 /* AppDelegate.m */; };
		5BD596691F5DAC4F00074CE1 /* HomeViewController.m in Sources */ = {isa = PBXBuildFile; fileRef = 5BD596681F5DAC4F00074CE1 /* HomeViewController.m */; };
		5BD5966C1F5DAC4F00074CE1 /* Main.storyboard in Resources */ = {isa = PBXBuildFile; fileRef = 5BD5966A1F5DAC4F00074CE1 /* Main.storyboard */; };
		5BD5966E1F5DAC4F00074CE1 /* Assets.xcassets in Resources */ = {isa = PBXBuildFile; fileRef = 5BD5966D1F5DAC4F00074CE1 /* Assets.xcassets */; };
		5BD596711F5DAC4F00074CE1 /* LaunchScreen.storyboard in Resources */ = {isa = PBXBuildFile; fileRef = 5BD5966F1F5DAC4F00074CE1 /* LaunchScreen.storyboard */; };
		5BD596741F5DAC4F00074CE1 /* main.m in Sources */ = {isa = PBXBuildFile; fileRef = 5BD596731F5DAC4F00074CE1 /* main.m */; };
		5BFF26571F93EB0C004C2247 /* OutYetData.xcdatamodeld in Sources */ = {isa = PBXBuildFile; fileRef = 5BFF26551F93EB0C004C2247 /* OutYetData.xcdatamodeld */; };
		5BFF266B1F93EC68004C2247 /* Song+CoreDataClass.m in Sources */ = {isa = PBXBuildFile; fileRef = 5BFF26691F93EC68004C2247 /* Song+CoreDataClass.m */; };
		5BFF266C1F93EC68004C2247 /* Song+CoreDataProperties.m in Sources */ = {isa = PBXBuildFile; fileRef = 5BFF266A1F93EC68004C2247 /* Song+CoreDataProperties.m */; };
/* End PBXBuildFile section */

/* Begin PBXFileReference section */
		5B30F4471F8188C700DB48EF /* Helper.h */ = {isa = PBXFileReference; lastKnownFileType = sourcecode.c.h; path = Helper.h; sourceTree = "<group>"; };
		5B30F4481F8188C700DB48EF /* RequestiTunes.h */ = {isa = PBXFileReference; lastKnownFileType = sourcecode.c.h; path = RequestiTunes.h; sourceTree = "<group>"; };
		5B30F4491F8188C700DB48EF /* Helper.m */ = {isa = PBXFileReference; lastKnownFileType = sourcecode.c.objc; path = Helper.m; sourceTree = "<group>"; };
		5B30F44A1F8188C700DB48EF /* Request.h */ = {isa = PBXFileReference; lastKnownFileType = sourcecode.c.h; path = Request.h; sourceTree = "<group>"; };
		5B30F44B1F8188C700DB48EF /* RequestiTunes.m */ = {isa = PBXFileReference; lastKnownFileType = sourcecode.c.objc; path = RequestiTunes.m; sourceTree = "<group>"; };
		5B406C0F1FA8D76700EEB93E /* ShowEntriesViewController.h */ = {isa = PBXFileReference; lastKnownFileType = sourcecode.c.h; path = ShowEntriesViewController.h; sourceTree = "<group>"; };
		5B406C101FA8D76700EEB93E /* ShowEntriesViewController.m */ = {isa = PBXFileReference; lastKnownFileType = sourcecode.c.objc; path = ShowEntriesViewController.m; sourceTree = "<group>"; };
		5B408F561FA27FF70097099D /* OutYetDataController.h */ = {isa = PBXFileReference; lastKnownFileType = sourcecode.c.h; path = OutYetDataController.h; sourceTree = "<group>"; };
		5B408F571FA27FF70097099D /* OutYetDataController.m */ = {isa = PBXFileReference; lastKnownFileType = sourcecode.c.objc; path = OutYetDataController.m; sourceTree = "<group>"; };
		5B408F591FA502690097099D /* OutYetDataStack.h */ = {isa = PBXFileReference; lastKnownFileType = sourcecode.c.h; path = OutYetDataStack.h; sourceTree = "<group>"; };
		5B408F5A1FA502690097099D /* OutYetDataStack.m */ = {isa = PBXFileReference; lastKnownFileType = sourcecode.c.objc; path = OutYetDataStack.m; sourceTree = "<group>"; };
		5BB869AB1F8975CF0017F1BC /* AddEntryViewController.h */ = {isa = PBXFileReference; lastKnownFileType = sourcecode.c.h; path = AddEntryViewController.h; sourceTree = "<group>"; };
		5BB869AC1F8975CF0017F1BC /* AddEntryViewController.m */ = {isa = PBXFileReference; lastKnownFileType = sourcecode.c.objc; path = AddEntryViewController.m; sourceTree = "<group>"; };
		5BD596611F5DAC4F00074CE1 /* OutYet.app */ = {isa = PBXFileReference; explicitFileType = wrapper.application; includeInIndex = 0; path = OutYet.app; sourceTree = BUILT_PRODUCTS_DIR; };
		5BD596641F5DAC4F00074CE1 /* AppDelegate.h */ = {isa = PBXFileReference; lastKnownFileType = sourcecode.c.h; path = AppDelegate.h; sourceTree = "<group>"; };
		5BD596651F5DAC4F00074CE1 /* AppDelegate.m */ = {isa = PBXFileReference; lastKnownFileType = sourcecode.c.objc; path = AppDelegate.m; sourceTree = "<group>"; };
		5BD596671F5DAC4F00074CE1 /* HomeViewController.h */ = {isa = PBXFileReference; lastKnownFileType = sourcecode.c.h; path = HomeViewController.h; sourceTree = "<group>"; };
		5BD596681F5DAC4F00074CE1 /* HomeViewController.m */ = {isa = PBXFileReference; lastKnownFileType = sourcecode.c.objc; path = HomeViewController.m; sourceTree = "<group>"; };
		5BD5966B1F5DAC4F00074CE1 /* Base */ = {isa = PBXFileReference; lastKnownFileType = file.storyboard; name = Base; path = Base.lproj/Main.storyboard; sourceTree = "<group>"; };
		5BD5966D1F5DAC4F00074CE1 /* Assets.xcassets */ = {isa = PBXFileReference; lastKnownFileType = folder.assetcatalog; path = Assets.xcassets; sourceTree = "<group>"; };
		5BD596701F5DAC4F00074CE1 /* Base */ = {isa = PBXFileReference; lastKnownFileType = file.storyboard; name = Base; path = Base.lproj/LaunchScreen.storyboard; sourceTree = "<group>"; };
		5BD596721F5DAC4F00074CE1 /* Info.plist */ = {isa = PBXFileReference; lastKnownFileType = text.plist.xml; path = Info.plist; sourceTree = "<group>"; };
		5BD596731F5DAC4F00074CE1 /* main.m */ = {isa = PBXFileReference; lastKnownFileType = sourcecode.c.objc; path = main.m; sourceTree = "<group>"; };
		5BFF26561F93EB0C004C2247 /* OutYetData.xcdatamodel */ = {isa = PBXFileReference; lastKnownFileType = wrapper.xcdatamodel; path = OutYetData.xcdatamodel; sourceTree = "<group>"; };
		5BFF26671F93EC68004C2247 /* Song+CoreDataProperties.h */ = {isa = PBXFileReference; lastKnownFileType = sourcecode.c.h; path = "Song+CoreDataProperties.h"; sourceTree = "<group>"; };
		5BFF26681F93EC68004C2247 /* Song+CoreDataClass.h */ = {isa = PBXFileReference; lastKnownFileType = sourcecode.c.h; path = "Song+CoreDataClass.h"; sourceTree = "<group>"; };
		5BFF26691F93EC68004C2247 /* Song+CoreDataClass.m */ = {isa = PBXFileReference; lastKnownFileType = sourcecode.c.objc; path = "Song+CoreDataClass.m"; sourceTree = "<group>"; };
		5BFF266A1F93EC68004C2247 /* Song+CoreDataProperties.m */ = {isa = PBXFileReference; lastKnownFileType = sourcecode.c.objc; path = "Song+CoreDataProperties.m"; sourceTree = "<group>"; };
/* End PBXFileReference section */

/* Begin PBXFrameworksBuildPhase section */
		5BD5965E1F5DAC4F00074CE1 /* Frameworks */ = {
			isa = PBXFrameworksBuildPhase;
			buildActionMask = 2147483647;
			files = (
			);
			runOnlyForDeploymentPostprocessing = 0;
		};
/* End PBXFrameworksBuildPhase section */

/* Begin PBXGroup section */
		5B30F44E1F8188DA00DB48EF /* Request */ = {
			isa = PBXGroup;
			children = (
				5B30F4471F8188C700DB48EF /* Helper.h */,
				5B30F4491F8188C700DB48EF /* Helper.m */,
				5B30F44A1F8188C700DB48EF /* Request.h */,
				5B30F4481F8188C700DB48EF /* RequestiTunes.h */,
				5B30F44B1F8188C700DB48EF /* RequestiTunes.m */,
			);
			path = Request;
			sourceTree = "<group>";
		};
		5B406C0E1FA8D74500EEB93E /* View Controller */ = {
			isa = PBXGroup;
			children = (
				5BD596671F5DAC4F00074CE1 /* HomeViewController.h */,
				5BD596681F5DAC4F00074CE1 /* HomeViewController.m */,
				5BB869AB1F8975CF0017F1BC /* AddEntryViewController.h */,
				5BB869AC1F8975CF0017F1BC /* AddEntryViewController.m */,
				5B406C0F1FA8D76700EEB93E /* ShowEntriesViewController.h */,
				5B406C101FA8D76700EEB93E /* ShowEntriesViewController.m */,
			);
			path = "View Controller";
			sourceTree = "<group>";
		};
		5BD596581F5DAC4F00074CE1 = {
			isa = PBXGroup;
			children = (
				5BFF26551F93EB0C004C2247 /* OutYetData.xcdatamodeld */,
				5BD596631F5DAC4F00074CE1 /* OutYet */,
				5BD596621F5DAC4F00074CE1 /* Products */,
			);
			sourceTree = "<group>";
		};
		5BD596621F5DAC4F00074CE1 /* Products */ = {
			isa = PBXGroup;
			children = (
				5BD596611F5DAC4F00074CE1 /* OutYet.app */,
			);
			name = Products;
			sourceTree = "<group>";
		};
		5BD596631F5DAC4F00074CE1 /* OutYet */ = {
			isa = PBXGroup;
			children = (
				5BFF266E1F93EC77004C2247 /* Data */,
				5B30F44E1F8188DA00DB48EF /* Request */,
				5BD596641F5DAC4F00074CE1 /* AppDelegate.h */,
				5BD596651F5DAC4F00074CE1 /* AppDelegate.m */,
				5B406C0E1FA8D74500EEB93E /* View Controller */,
				5BD5966A1F5DAC4F00074CE1 /* Main.storyboard */,
				5BD5966D1F5DAC4F00074CE1 /* Assets.xcassets */,
				5BD5966F1F5DAC4F00074CE1 /* LaunchScreen.storyboard */,
				5BD596721F5DAC4F00074CE1 /* Info.plist */,
				5BD596731F5DAC4F00074CE1 /* main.m */,
			);
			path = OutYet;
			sourceTree = "<group>";
		};
		5BFF266E1F93EC77004C2247 /* Data */ = {
			isa = PBXGroup;
			children = (
				5BFF26681F93EC68004C2247 /* Song+CoreDataClass.h */,
				5BFF26671F93EC68004C2247 /* Song+CoreDataProperties.h */,
				5BFF26691F93EC68004C2247 /* Song+CoreDataClass.m */,
				5BFF266A1F93EC68004C2247 /* Song+CoreDataProperties.m */,
				5B408F591FA502690097099D /* OutYetDataStack.h */,
				5B408F5A1FA502690097099D /* OutYetDataStack.m */,
				5B408F561FA27FF70097099D /* OutYetDataController.h */,
				5B408F571FA27FF70097099D /* OutYetDataController.m */,
			);
			path = Data;
			sourceTree = "<group>";
		};
/* End PBXGroup section */

/* Begin PBXNativeTarget section */
		5BD596601F5DAC4F00074CE1 /* OutYet */ = {
			isa = PBXNativeTarget;
			buildConfigurationList = 5BD596771F5DAC4F00074CE1 /* Build configuration list for PBXNativeTarget "OutYet" */;
			buildPhases = (
				5BD5965D1F5DAC4F00074CE1 /* Sources */,
				5BD5965E1F5DAC4F00074CE1 /* Frameworks */,
				5BD5965F1F5DAC4F00074CE1 /* Resources */,
			);
			buildRules = (
			);
			dependencies = (
			);
			name = OutYet;
			productName = OutYet;
			productReference = 5BD596611F5DAC4F00074CE1 /* OutYet.app */;
			productType = "com.apple.product-type.application";
		};
/* End PBXNativeTarget section */

/* Begin PBXProject section */
		5BD596591F5DAC4F00074CE1 /* Project object */ = {
			isa = PBXProject;
			attributes = {
				LastUpgradeCheck = 0900;
				ORGANIZATIONNAME = martinlist;
				TargetAttributes = {
					5BD596601F5DAC4F00074CE1 = {
						CreatedOnToolsVersion = 9.0;
					};
				};
			};
			buildConfigurationList = 5BD5965C1F5DAC4F00074CE1 /* Build configuration list for PBXProject "OutYet" */;
			compatibilityVersion = "Xcode 8.0";
			developmentRegion = en;
			hasScannedForEncodings = 0;
			knownRegions = (
				en,
				Base,
			);
			mainGroup = 5BD596581F5DAC4F00074CE1;
			productRefGroup = 5BD596621F5DAC4F00074CE1 /* Products */;
			projectDirPath = "";
			projectRoot = "";
			targets = (
				5BD596601F5DAC4F00074CE1 /* OutYet */,
			);
		};
/* End PBXProject section */

/* Begin PBXResourcesBuildPhase section */
		5BD5965F1F5DAC4F00074CE1 /* Resources */ = {
			isa = PBXResourcesBuildPhase;
			buildActionMask = 2147483647;
			files = (
				5BD596711F5DAC4F00074CE1 /* LaunchScreen.storyboard in Resources */,
				5BD5966E1F5DAC4F00074CE1 /* Assets.xcassets in Resources */,
				5BD5966C1F5DAC4F00074CE1 /* Main.storyboard in Resources */,
			);
			runOnlyForDeploymentPostprocessing = 0;
		};
/* End PBXResourcesBuildPhase section */

/* Begin PBXSourcesBuildPhase section */
		5BD5965D1F5DAC4F00074CE1 /* Sources */ = {
			isa = PBXSourcesBuildPhase;
			buildActionMask = 2147483647;
			files = (
				5B406C111FA8D76700EEB93E /* ShowEntriesViewController.m in Sources */,
				5BD596691F5DAC4F00074CE1 /* HomeViewController.m in Sources */,
				5BB869AD1F8975CF0017F1BC /* AddEntryViewController.m in Sources */,
				5BFF266B1F93EC68004C2247 /* Song+CoreDataClass.m in Sources */,
				5B30F44D1F8188C700DB48EF /* RequestiTunes.m in Sources */,
				5BD596741F5DAC4F00074CE1 /* main.m in Sources */,
				5B408F5B1FA502690097099D /* OutYetDataStack.m in Sources */,
				5BD596661F5DAC4F00074CE1 /* AppDelegate.m in Sources */,
				5BFF266C1F93EC68004C2247 /* Song+CoreDataProperties.m in Sources */,
				5B408F581FA27FF70097099D /* OutYetDataController.m in Sources */,
				5BFF26571F93EB0C004C2247 /* OutYetData.xcdatamodeld in Sources */,
				5B30F44C1F8188C700DB48EF /* Helper.m in Sources */,
			);
			runOnlyForDeploymentPostprocessing = 0;
		};
/* End PBXSourcesBuildPhase section */

/* Begin PBXVariantGroup section */
		5BD5966A1F5DAC4F00074CE1 /* Main.storyboard */ = {
			isa = PBXVariantGroup;
			children = (
				5BD5966B1F5DAC4F00074CE1 /* Base */,
			);
			name = Main.storyboard;
			sourceTree = "<group>";
		};
		5BD5966F1F5DAC4F00074CE1 /* LaunchScreen.storyboard */ = {
			isa = PBXVariantGroup;
			children = (
				5BD596701F5DAC4F00074CE1 /* Base */,
			);
			name = LaunchScreen.storyboard;
			sourceTree = "<group>";
		};
/* End PBXVariantGroup section */

/* Begin XCBuildConfiguration section */
		5BD596751F5DAC4F00074CE1 /* Debug */ = {
			isa = XCBuildConfiguration;
			buildSettings = {
				ALWAYS_SEARCH_USER_PATHS = NO;
				CLANG_ANALYZER_NONNULL = YES;
				CLANG_ANALYZER_NUMBER_OBJECT_CONVERSION = YES_AGGRESSIVE;
				CLANG_CXX_LANGUAGE_STANDARD = "gnu++14";
				CLANG_CXX_LIBRARY = "libc++";
				CLANG_ENABLE_MODULES = YES;
				CLANG_ENABLE_OBJC_ARC = YES;
				CLANG_WARN_BLOCK_CAPTURE_AUTORELEASING = YES;
				CLANG_WARN_BOOL_CONVERSION = YES;
				CLANG_WARN_COMMA = YES;
				CLANG_WARN_CONSTANT_CONVERSION = YES;
				CLANG_WARN_DIRECT_OBJC_ISA_USAGE = YES_ERROR;
				CLANG_WARN_DOCUMENTATION_COMMENTS = YES;
				CLANG_WARN_EMPTY_BODY = YES;
				CLANG_WARN_ENUM_CONVERSION = YES;
				CLANG_WARN_INFINITE_RECURSION = YES;
				CLANG_WARN_INT_CONVERSION = YES;
				CLANG_WARN_NON_LITERAL_NULL_CONVERSION = YES;
				CLANG_WARN_OBJC_LITERAL_CONVERSION = YES;
				CLANG_WARN_OBJC_ROOT_CLASS = YES_ERROR;
				CLANG_WARN_RANGE_LOOP_ANALYSIS = YES;
				CLANG_WARN_STRICT_PROTOTYPES = YES;
				CLANG_WARN_SUSPICIOUS_MOVE = YES;
				CLANG_WARN_UNGUARDED_AVAILABILITY = YES_AGGRESSIVE;
				CLANG_WARN_UNREACHABLE_CODE = YES;
				CLANG_WARN__DUPLICATE_METHOD_MATCH = YES;
				CODE_SIGN_IDENTITY = "iPhone Developer";
				COPY_PHASE_STRIP = NO;
				DEBUG_INFORMATION_FORMAT = dwarf;
				ENABLE_STRICT_OBJC_MSGSEND = YES;
				ENABLE_TESTABILITY = YES;
				GCC_C_LANGUAGE_STANDARD = gnu11;
				GCC_DYNAMIC_NO_PIC = NO;
				GCC_NO_COMMON_BLOCKS = YES;
				GCC_OPTIMIZATION_LEVEL = 0;
				GCC_PREPROCESSOR_DEFINITIONS = (
					"DEBUG=1",
					"$(inherited)",
				);
				GCC_WARN_64_TO_32_BIT_CONVERSION = YES;
				GCC_WARN_ABOUT_RETURN_TYPE = YES_ERROR;
				GCC_WARN_UNDECLARED_SELECTOR = YES;
				GCC_WARN_UNINITIALIZED_AUTOS = YES_AGGRESSIVE;
				GCC_WARN_UNUSED_FUNCTION = YES;
				GCC_WARN_UNUSED_VARIABLE = YES;
				IPHONEOS_DEPLOYMENT_TARGET = 11.0;
				MTL_ENABLE_DEBUG_INFO = YES;
				ONLY_ACTIVE_ARCH = YES;
				SDKROOT = iphoneos;
			};
			name = Debug;
		};
		5BD596761F5DAC4F00074CE1 /* Release */ = {
			isa = XCBuildConfiguration;
			buildSettings = {
				ALWAYS_SEARCH_USER_PATHS = NO;
				CLANG_ANALYZER_NONNULL = YES;
				CLANG_ANALYZER_NUMBER_OBJECT_CONVERSION = YES_AGGRESSIVE;
				CLANG_CXX_LANGUAGE_STANDARD = "gnu++14";
				CLANG_CXX_LIBRARY = "libc++";
				CLANG_ENABLE_MODULES = YES;
				CLANG_ENABLE_OBJC_ARC = YES;
				CLANG_WARN_BLOCK_CAPTURE_AUTORELEASING = YES;
				CLANG_WARN_BOOL_CONVERSION = YES;
				CLANG_WARN_COMMA = YES;
				CLANG_WARN_CONSTANT_CONVERSION = YES;
				CLANG_WARN_DIRECT_OBJC_ISA_USAGE = YES_ERROR;
				CLANG_WARN_DOCUMENTATION_COMMENTS = YES;
				CLANG_WARN_EMPTY_BODY = YES;
				CLANG_WARN_ENUM_CONVERSION = YES;
				CLANG_WARN_INFINITE_RECURSION = YES;
				CLANG_WARN_INT_CONVERSION = YES;
				CLANG_WARN_NON_LITERAL_NULL_CONVERSION = YES;
				CLANG_WARN_OBJC_LITERAL_CONVERSION = YES;
				CLANG_WARN_OBJC_ROOT_CLASS = YES_ERROR;
				CLANG_WARN_RANGE_LOOP_ANALYSIS = YES;
				CLANG_WARN_STRICT_PROTOTYPES = YES;
				CLANG_WARN_SUSPICIOUS_MOVE = YES;
				CLANG_WARN_UNGUARDED_AVAILABILITY = YES_AGGRESSIVE;
				CLANG_WARN_UNREACHABLE_CODE = YES;
				CLANG_WARN__DUPLICATE_METHOD_MATCH = YES;
				CODE_SIGN_IDENTITY = "iPhone Developer";
				COPY_PHASE_STRIP = NO;
				DEBUG_INFORMATION_FORMAT = "dwarf-with-dsym";
				ENABLE_NS_ASSERTIONS = NO;
				ENABLE_STRICT_OBJC_MSGSEND = YES;
				GCC_C_LANGUAGE_STANDARD = gnu11;
				GCC_NO_COMMON_BLOCKS = YES;
				GCC_WARN_64_TO_32_BIT_CONVERSION = YES;
				GCC_WARN_ABOUT_RETURN_TYPE = YES_ERROR;
				GCC_WARN_UNDECLARED_SELECTOR = YES;
				GCC_WARN_UNINITIALIZED_AUTOS = YES_AGGRESSIVE;
				GCC_WARN_UNUSED_FUNCTION = YES;
				GCC_WARN_UNUSED_VARIABLE = YES;
				IPHONEOS_DEPLOYMENT_TARGET = 11.0;
				MTL_ENABLE_DEBUG_INFO = NO;
				SDKROOT = iphoneos;
				VALIDATE_PRODUCT = YES;
			};
			name = Release;
		};
		5BD596781F5DAC4F00074CE1 /* Debug */ = {
			isa = XCBuildConfiguration;
			buildSettings = {
				ASSETCATALOG_COMPILER_APPICON_NAME = AppIcon;
				DEVELOPMENT_TEAM = 4853CED358;
				GCC_NO_COMMON_BLOCKS = YES;
				INFOPLIST_FILE = OutYet/Info.plist;
				IPHONEOS_DEPLOYMENT_TARGET = 11.0;
				LD_RUNPATH_SEARCH_PATHS = "$(inherited) @executable_path/Frameworks";
				PRODUCT_BUNDLE_IDENTIFIER = martinlist.OutYet;
				PRODUCT_NAME = "$(TARGET_NAME)";
				TARGETED_DEVICE_FAMILY = 1;
			};
			name = Debug;
		};
		5BD596791F5DAC4F00074CE1 /* Release */ = {
			isa = XCBuildConfiguration;
			buildSettings = {
				ASSETCATALOG_COMPILER_APPICON_NAME = AppIcon;
				DEVELOPMENT_TEAM = 4853CED358;
				GCC_NO_COMMON_BLOCKS = YES;
				INFOPLIST_FILE = OutYet/Info.plist;
				IPHONEOS_DEPLOYMENT_TARGET = 11.0;
				LD_RUNPATH_SEARCH_PATHS = "$(inherited) @executable_path/Frameworks";
				PRODUCT_BUNDLE_IDENTIFIER = martinlist.OutYet;
				PRODUCT_NAME = "$(TARGET_NAME)";
				TARGETED_DEVICE_FAMILY = 1;
			};
			name = Release;
		};
/* End XCBuildConfiguration section */

/* Begin XCConfigurationList section */
		5BD5965C1F5DAC4F00074CE1 /* Build configuration list for PBXProject "OutYet" */ = {
			isa = XCConfigurationList;
			buildConfigurations = (
				5BD596751F5DAC4F00074CE1 /* Debug */,
				5BD596761F5DAC4F00074CE1 /* Release */,
			);
			defaultConfigurationIsVisible = 0;
			defaultConfigurationName = Release;
		};
		5BD596771F5DAC4F00074CE1 /* Build configuration list for PBXNativeTarget "OutYet" */ = {
			isa = XCConfigurationList;
			buildConfigurations = (
				5BD596781F5DAC4F00074CE1 /* Debug */,
				5BD596791F5DAC4F00074CE1 /* Release */,
			);
			defaultConfigurationIsVisible = 0;
			defaultConfigurationName = Release;
		};
/* End XCConfigurationList section */

/* Begin XCVersionGroup section */
		5BFF26551F93EB0C004C2247 /* OutYetData.xcdatamodeld */ = {
			isa = XCVersionGroup;
			children = (
				5BFF26561F93EB0C004C2247 /* OutYetData.xcdatamodel */,
			);
			currentVersion = 5BFF26561F93EB0C004C2247 /* OutYetData.xcdatamodel */;
			name = OutYetData.xcdatamodeld;
			path = OutYet/OutYetData.xcdatamodeld;
			sourceTree = "<group>";
			versionGroupType = wrapper.xcdatamodel;
		};
/* End XCVersionGroup section */
	};
	rootObject = 5BD596591F5DAC4F00074CE1 /* Project object */;
}
